// !$*UTF8*$!
{
	archiveVersion = 1;
	classes = {
	};
	objectVersion = 77;
	objects = {

/* Begin PBXContainerItemProxy section */
		BE0839DF2EB621AC0088CFBB /* PBXContainerItemProxy */ = {
			isa = PBXContainerItemProxy;
			containerPortal = BE0839C82EB621AB0088CFBB /* Project object */;
			proxyType = 1;
			remoteGlobalIDString = BE0839CF2EB621AB0088CFBB;
			remoteInfo = FocusShift;
		};
		BE0839E92EB621AC0088CFBB /* PBXContainerItemProxy */ = {
			isa = PBXContainerItemProxy;
			containerPortal = BE0839C82EB621AB0088CFBB /* Project object */;
			proxyType = 1;
			remoteGlobalIDString = BE0839CF2EB621AB0088CFBB;
			remoteInfo = FocusShift;
		};
/* End PBXContainerItemProxy section */

/* Begin PBXFileReference section */
		BE0839D02EB621AB0088CFBB /* FocusShift.app */ = {isa = PBXFileReference; explicitFileType = wrapper.application; includeInIndex = 0; path = FocusShift.app; sourceTree = BUILT_PRODUCTS_DIR; };
		BE0839DE2EB621AC0088CFBB /* FocusShiftTests.xctest */ = {isa = PBXFileReference; explicitFileType = wrapper.cfbundle; includeInIndex = 0; path = FocusShiftTests.xctest; sourceTree = BUILT_PRODUCTS_DIR; };
		BE0839E82EB621AC0088CFBB /* FocusShiftUITests.xctest */ = {isa = PBXFileReference; explicitFileType = wrapper.cfbundle; includeInIndex = 0; path = FocusShiftUITests.xctest; sourceTree = BUILT_PRODUCTS_DIR; };
/* End PBXFileReference section */

/* Begin PBXFileSystemSynchronizedRootGroup section */
		BE0839D22EB621AB0088CFBB /* FocusShift */ = {
			isa = PBXFileSystemSynchronizedRootGroup;
			path = FocusShift;
			sourceTree = "<group>";
		};
		BE0839E12EB621AC0088CFBB /* FocusShiftTests */ = {
			isa = PBXFileSystemSynchronizedRootGroup;
			path = FocusShiftTests;
			sourceTree = "<group>";
		};
		BE0839EB2EB621AC0088CFBB /* FocusShiftUITests */ = {
			isa = PBXFileSystemSynchronizedRootGroup;
			path = FocusShiftUITests;
			sourceTree = "<group>";
		};
/* End PBXFileSystemSynchronizedRootGroup section */

/* Begin PBXFrameworksBuildPhase section */
		BE0839CD2EB621AB0088CFBB /* Frameworks */ = {
			isa = PBXFrameworksBuildPhase;
			buildActionMask = 2147483647;
			files = (
			);
			runOnlyForDeploymentPostprocessing = 0;
		};
		BE0839DB2EB621AC0088CFBB /* Frameworks */ = {
			isa = PBXFrameworksBuildPhase;
			buildActionMask = 2147483647;
			files = (
			);
			runOnlyForDeploymentPostprocessing = 0;
		};
		BE0839E52EB621AC0088CFBB /* Frameworks */ = {
			isa = PBXFrameworksBuildPhase;
			buildActionMask = 2147483647;
			files = (
			);
			runOnlyForDeploymentPostprocessing = 0;
		};
/* End PBXFrameworksBuildPhase section */

/* Begin PBXGroup section */
		BE0839C72EB621AB0088CFBB = {
			isa = PBXGroup;
			children = (
				BE0839D22EB621AB0088CFBB /* FocusShift */,
				BE0839E12EB621AC0088CFBB /* FocusShiftTests */,
				BE0839EB2EB621AC0088CFBB /* FocusShiftUITests */,
				BE0839D12EB621AB0088CFBB /* Products */,
			);
			sourceTree = "<group>";
		};
		BE0839D12EB621AB0088CFBB /* Products */ = {
			isa = PBXGroup;
			children = (
				BE0839D02EB621AB0088CFBB /* FocusShift.app */,
				BE0839DE2EB621AC0088CFBB /* FocusShiftTests.xctest */,
				BE0839E82EB621AC0088CFBB /* FocusShiftUITests.xctest */,
			);
			name = Products;
			sourceTree = "<group>";
		};
/* End PBXGroup section */

/* Begin PBXNativeTarget section */
		BE0839CF2EB621AB0088CFBB /* FocusShift */ = {
			isa = PBXNativeTarget;
			buildConfigurationList = BE0839F22EB621AC0088CFBB /* Build configuration list for PBXNativeTarget "FocusShift" */;
			buildPhases = (
				BE0839CC2EB621AB0088CFBB /* Sources */,
				BE0839CD2EB621AB0088CFBB /* Frameworks */,
				BE0839CE2EB621AB0088CFBB /* Resources */,
			);
			buildRules = (
			);
			dependencies = (
			);
			fileSystemSynchronizedGroups = (
				BE0839D22EB621AB0088CFBB /* FocusShift */,
			);
			name = FocusShift;
			packageProductDependencies = (
			);
			productName = FocusShift;
			productReference = BE0839D02EB621AB0088CFBB /* FocusShift.app */;
			productType = "com.apple.product-type.application";
		};
		BE0839DD2EB621AC0088CFBB /* FocusShiftTests */ = {
			isa = PBXNativeTarget;
			buildConfigurationList = BE0839F52EB621AC0088CFBB /* Build configuration list for PBXNativeTarget "FocusShiftTests" */;
			buildPhases = (
				BE0839DA2EB621AC0088CFBB /* Sources */,
				BE0839DB2EB621AC0088CFBB /* Frameworks */,
				BE0839DC2EB621AC0088CFBB /* Resources */,
			);
			buildRules = (
			);
			dependencies = (
				BE0839E02EB621AC0088CFBB /* PBXTargetDependency */,
			);
			fileSystemSynchronizedGroups = (
				BE0839E12EB621AC0088CFBB /* FocusShiftTests */,
			);
			name = FocusShiftTests;
			packageProductDependencies = (
			);
			productName = FocusShiftTests;
			productReference = BE0839DE2EB621AC0088CFBB /* FocusShiftTests.xctest */;
			productType = "com.apple.product-type.bundle.unit-test";
		};
		BE0839E72EB621AC0088CFBB /* FocusShiftUITests */ = {
			isa = PBXNativeTarget;
			buildConfigurationList = BE0839F82EB621AC0088CFBB /* Build configuration list for PBXNativeTarget "FocusShiftUITests" */;
			buildPhases = (
				BE0839E42EB621AC0088CFBB /* Sources */,
				BE0839E52EB621AC0088CFBB /* Frameworks */,
				BE0839E62EB621AC0088CFBB /* Resources */,
			);
			buildRules = (
			);
			dependencies = (
				BE0839EA2EB621AC0088CFBB /* PBXTargetDependency */,
			);
			fileSystemSynchronizedGroups = (
				BE0839EB2EB621AC0088CFBB /* FocusShiftUITests */,
			);
			name = FocusShiftUITests;
			packageProductDependencies = (
			);
			productName = FocusShiftUITests;
			productReference = BE0839E82EB621AC0088CFBB /* FocusShiftUITests.xctest */;
			productType = "com.apple.product-type.bundle.ui-testing";
		};
/* End PBXNativeTarget section */

/* Begin PBXProject section */
		BE0839C82EB621AB0088CFBB /* Project object */ = {
			isa = PBXProject;
			attributes = {
				BuildIndependentTargetsInParallel = 1;
				LastSwiftUpdateCheck = 1640;
				LastUpgradeCheck = 1640;
				TargetAttributes = {
					BE0839CF2EB621AB0088CFBB = {
						CreatedOnToolsVersion = 16.4;
					};
					BE0839DD2EB621AC0088CFBB = {
						CreatedOnToolsVersion = 16.4;
						TestTargetID = BE0839CF2EB621AB0088CFBB;
					};
					BE0839E72EB621AC0088CFBB = {
						CreatedOnToolsVersion = 16.4;
						TestTargetID = BE0839CF2EB621AB0088CFBB;
					};
				};
			};
			buildConfigurationList = BE0839CB2EB621AB0088CFBB /* Build configuration list for PBXProject "FocusShift" */;
			developmentRegion = en;
			hasScannedForEncodings = 0;
			knownRegions = (
				en,
				Base,
			);
			mainGroup = BE0839C72EB621AB0088CFBB;
			minimizedProjectReferenceProxies = 1;
			preferredProjectObjectVersion = 77;
			productRefGroup = BE0839D12EB621AB0088CFBB /* Products */;
			projectDirPath = "";
			projectRoot = "";
			targets = (
				BE0839CF2EB621AB0088CFBB /* FocusShift */,
				BE0839DD2EB621AC0088CFBB /* FocusShiftTests */,
				BE0839E72EB621AC0088CFBB /* FocusShiftUITests */,
			);
		};
/* End PBXProject section */

/* Begin PBXResourcesBuildPhase section */
		BE0839CE2EB621AB0088CFBB /* Resources */ = {
			isa = PBXResourcesBuildPhase;
			buildActionMask = 2147483647;
			files = (
			);
			runOnlyForDeploymentPostprocessing = 0;
		};
		BE0839DC2EB621AC0088CFBB /* Resources */ = {
			isa = PBXResourcesBuildPhase;
			buildActionMask = 2147483647;
			files = (
			);
			runOnlyForDeploymentPostprocessing = 0;
		};
		BE0839E62EB621AC0088CFBB /* Resources */ = {
			isa = PBXResourcesBuildPhase;
			buildActionMask = 2147483647;
			files = (
			);
			runOnlyForDeploymentPostprocessing = 0;
		};
/* End PBXResourcesBuildPhase section */

/* Begin PBXSourcesBuildPhase section */
		BE0839CC2EB621AB0088CFBB /* Sources */ = {
			isa = PBXSourcesBuildPhase;
			buildActionMask = 2147483647;
			files = (
			);
			runOnlyForDeploymentPostprocessing = 0;
		};
		BE0839DA2EB621AC0088CFBB /* Sources */ = {
			isa = PBXSourcesBuildPhase;
			buildActionMask = 2147483647;
			files = (
			);
			runOnlyForDeploymentPostprocessing = 0;
		};
		BE0839E42EB621AC0088CFBB /* Sources */ = {
			isa = PBXSourcesBuildPhase;
			buildActionMask = 2147483647;
			files = (
			);
			runOnlyForDeploymentPostprocessing = 0;
		};
/* End PBXSourcesBuildPhase section */

/* Begin PBXTargetDependency section */
		BE0839E02EB621AC0088CFBB /* PBXTargetDependency */ = {
			isa = PBXTargetDependency;
			target = BE0839CF2EB621AB0088CFBB /* FocusShift */;
			targetProxy = BE0839DF2EB621AC0088CFBB /* PBXContainerItemProxy */;
		};
		BE0839EA2EB621AC0088CFBB /* PBXTargetDependency */ = {
			isa = PBXTargetDependency;
			target = BE0839CF2EB621AB0088CFBB /* FocusShift */;
			targetProxy = BE0839E92EB621AC0088CFBB /* PBXContainerItemProxy */;
		};
/* End PBXTargetDependency section */

/* Begin XCBuildConfiguration section */
		BE0839F02EB621AC0088CFBB /* Debug */ = {
			isa = XCBuildConfiguration;
			buildSettings = {
				ALWAYS_SEARCH_USER_PATHS = NO;
				ASSETCATALOG_COMPILER_GENERATE_SWIFT_ASSET_SYMBOL_EXTENSIONS = YES;
				CLANG_ANALYZER_NONNULL = YES;
				CLANG_ANALYZER_NUMBER_OBJECT_CONVERSION = YES_AGGRESSIVE;
				CLANG_CXX_LANGUAGE_STANDARD = "gnu++20";
				CLANG_ENABLE_MODULES = YES;
				CLANG_ENABLE_OBJC_ARC = YES;
				CLANG_ENABLE_OBJC_WEAK = YES;
				CLANG_WARN_BLOCK_CAPTURE_AUTORELEASING = YES;
				CLANG_WARN_BOOL_CONVERSION = YES;
				CLANG_WARN_COMMA = YES;
				CLANG_WARN_CONSTANT_CONVERSION = YES;
				CLANG_WARN_DEPRECATED_OBJC_IMPLEMENTATIONS = YES;
				CLANG_WARN_DIRECT_OBJC_ISA_USAGE = YES_ERROR;
				CLANG_WARN_DOCUMENTATION_COMMENTS = YES;
				CLANG_WARN_EMPTY_BODY = YES;
				CLANG_WARN_ENUM_CONVERSION = YES;
				CLANG_WARN_INFINITE_RECURSION = YES;
				CLANG_WARN_INT_CONVERSION = YES;
				CLANG_WARN_NON_LITERAL_NULL_CONVERSION = YES;
				CLANG_WARN_OBJC_IMPLICIT_RETAIN_SELF = YES;
				CLANG_WARN_OBJC_LITERAL_CONVERSION = YES;
				CLANG_WARN_OBJC_ROOT_CLASS = YES_ERROR;
				CLANG_WARN_QUOTED_INCLUDE_IN_FRAMEWORK_HEADER = YES;
				CLANG_WARN_RANGE_LOOP_ANALYSIS = YES;
				CLANG_WARN_STRICT_PROTOTYPES = YES;
				CLANG_WARN_SUSPICIOUS_MOVE = YES;
				CLANG_WARN_UNGUARDED_AVAILABILITY = YES_AGGRESSIVE;
				CLANG_WARN_UNREACHABLE_CODE = YES;
				CLANG_WARN__DUPLICATE_METHOD_MATCH = YES;
				COPY_PHASE_STRIP = NO;
				DEBUG_INFORMATION_FORMAT = dwarf;
				ENABLE_STRICT_OBJC_MSGSEND = YES;
				ENABLE_TESTABILITY = YES;
				ENABLE_USER_SCRIPT_SANDBOXING = YES;
				GCC_C_LANGUAGE_STANDARD = gnu17;
				GCC_DYNAMIC_NO_PIC = NO;
				GCC_NO_COMMON_BLOCKS = YES;
				GCC_OPTIMIZATION_LEVEL = 0;
				GCC_PREPROCESSOR_DEFINITIONS = (
					"DEBUG=1",
					"$(inherited)",
				);
				GCC_WARN_64_TO_32_BIT_CONVERSION = YES;
				GCC_WARN_ABOUT_RETURN_TYPE = YES_ERROR;
				GCC_WARN_UNDECLARED_SELECTOR = YES;
				GCC_WARN_UNINITIALIZED_AUTOS = YES_AGGRESSIVE;
				GCC_WARN_UNUSED_FUNCTION = YES;
				GCC_WARN_UNUSED_VARIABLE = YES;
				LOCALIZATION_PREFERS_STRING_CATALOGS = YES;
				MACOSX_DEPLOYMENT_TARGET = 15.5;
				MTL_ENABLE_DEBUG_INFO = INCLUDE_SOURCE;
				MTL_FAST_MATH = YES;
				ONLY_ACTIVE_ARCH = YES;
				SDKROOT = macosx;
				SWIFT_ACTIVE_COMPILATION_CONDITIONS = "DEBUG $(inherited)";
				SWIFT_OPTIMIZATION_LEVEL = "-Onone";
			};
			name = Debug;
		};
		BE0839F12EB621AC0088CFBB /* Release */ = {
			isa = XCBuildConfiguration;
			buildSettings = {
				ALWAYS_SEARCH_USER_PATHS = NO;
				ASSETCATALOG_COMPILER_GENERATE_SWIFT_ASSET_SYMBOL_EXTENSIONS = YES;
				CLANG_ANALYZER_NONNULL = YES;
				CLANG_ANALYZER_NUMBER_OBJECT_CONVERSION = YES_AGGRESSIVE;
				CLANG_CXX_LANGUAGE_STANDARD = "gnu++20";
				CLANG_ENABLE_MODULES = YES;
				CLANG_ENABLE_OBJC_ARC = YES;
				CLANG_ENABLE_OBJC_WEAK = YES;
				CLANG_WARN_BLOCK_CAPTURE_AUTORELEASING = YES;
				CLANG_WARN_BOOL_CONVERSION = YES;
				CLANG_WARN_COMMA = YES;
				CLANG_WARN_CONSTANT_CONVERSION = YES;
				CLANG_WARN_DEPRECATED_OBJC_IMPLEMENTATIONS = YES;
				CLANG_WARN_DIRECT_OBJC_ISA_USAGE = YES_ERROR;
				CLANG_WARN_DOCUMENTATION_COMMENTS = YES;
				CLANG_WARN_EMPTY_BODY = YES;
				CLANG_WARN_ENUM_CONVERSION = YES;
				CLANG_WARN_INFINITE_RECURSION = YES;
				CLANG_WARN_INT_CONVERSION = YES;
				CLANG_WARN_NON_LITERAL_NULL_CONVERSION = YES;
				CLANG_WARN_OBJC_IMPLICIT_RETAIN_SELF = YES;
				CLANG_WARN_OBJC_LITERAL_CONVERSION = YES;
				CLANG_WARN_OBJC_ROOT_CLASS = YES_ERROR;
				CLANG_WARN_QUOTED_INCLUDE_IN_FRAMEWORK_HEADER = YES;
				CLANG_WARN_RANGE_LOOP_ANALYSIS = YES;
				CLANG_WARN_STRICT_PROTOTYPES = YES;
				CLANG_WARN_SUSPICIOUS_MOVE = YES;
				CLANG_WARN_UNGUARDED_AVAILABILITY = YES_AGGRESSIVE;
				CLANG_WARN_UNREACHABLE_CODE = YES;
				CLANG_WARN__DUPLICATE_METHOD_MATCH = YES;
				COPY_PHASE_STRIP = NO;
				DEBUG_INFORMATION_FORMAT = "dwarf-with-dsym";
				ENABLE_NS_ASSERTIONS = NO;
				ENABLE_STRICT_OBJC_MSGSEND = YES;
				ENABLE_USER_SCRIPT_SANDBOXING = YES;
				GCC_C_LANGUAGE_STANDARD = gnu17;
				GCC_NO_COMMON_BLOCKS = YES;
				GCC_WARN_64_TO_32_BIT_CONVERSION = YES;
				GCC_WARN_ABOUT_RETURN_TYPE = YES_ERROR;
				GCC_WARN_UNDECLARED_SELECTOR = YES;
				GCC_WARN_UNINITIALIZED_AUTOS = YES_AGGRESSIVE;
				GCC_WARN_UNUSED_FUNCTION = YES;
				GCC_WARN_UNUSED_VARIABLE = YES;
				LOCALIZATION_PREFERS_STRING_CATALOGS = YES;
				MACOSX_DEPLOYMENT_TARGET = 15.5;
				MTL_ENABLE_DEBUG_INFO = NO;
				MTL_FAST_MATH = YES;
				SDKROOT = macosx;
				SWIFT_COMPILATION_MODE = wholemodule;
			};
			name = Release;
		};
		BE0839F32EB621AC0088CFBB /* Debug */ = {
			isa = XCBuildConfiguration;
			buildSettings = {
				ASSETCATALOG_COMPILER_APPICON_NAME = AppIcon;
				ASSETCATALOG_COMPILER_GLOBAL_ACCENT_COLOR_NAME = AccentColor;
				CODE_SIGN_ENTITLEMENTS = FocusShift/FocusShift.entitlements;
				CODE_SIGN_STYLE = Automatic;
				COMBINE_HIDPI_IMAGES = YES;
				CURRENT_PROJECT_VERSION = 1;
				ENABLE_PREVIEWS = YES;
				GENERATE_INFOPLIST_FILE = YES;
				INFOPLIST_KEY_NSHumanReadableCopyright = "";
				LD_RUNPATH_SEARCH_PATHS = (
					"$(inherited)",
					"@executable_path/../Frameworks",
				);
				MARKETING_VERSION = 1.0;
				PRODUCT_BUNDLE_IDENTIFIER = ebeug.FocusShift;
				PRODUCT_NAME = "$(TARGET_NAME)";
				REGISTER_APP_GROUPS = YES;
				SWIFT_EMIT_LOC_STRINGS = YES;
				SWIFT_VERSION = 5.0;
			};
			name = Debug;
		};
		BE0839F42EB621AC0088CFBB /* Release */ = {
			isa = XCBuildConfiguration;
			buildSettings = {
				ASSETCATALOG_COMPILER_APPICON_NAME = AppIcon;
				ASSETCATALOG_COMPILER_GLOBAL_ACCENT_COLOR_NAME = AccentColor;
				CODE_SIGN_ENTITLEMENTS = FocusShift/FocusShift.entitlements;
				CODE_SIGN_STYLE = Automatic;
				COMBINE_HIDPI_IMAGES = YES;
				CURRENT_PROJECT_VERSION = 1;
				ENABLE_PREVIEWS = YES;
				GENERATE_INFOPLIST_FILE = YES;
				INFOPLIST_KEY_NSHumanReadableCopyright = "";
				LD_RUNPATH_SEARCH_PATHS = (
					"$(inherited)",
					"@executable_path/../Frameworks",
				);
				MARKETING_VERSION = 1.0;
				PRODUCT_BUNDLE_IDENTIFIER = ebeug.FocusShift;
				PRODUCT_NAME = "$(TARGET_NAME)";
				REGISTER_APP_GROUPS = YES;
				SWIFT_EMIT_LOC_STRINGS = YES;
				SWIFT_VERSION = 5.0;
			};
			name = Release;
		};
		BE0839F62EB621AC0088CFBB /* Debug */ = {
			isa = XCBuildConfiguration;
			buildSettings = {
				BUNDLE_LOADER = "$(TEST_HOST)";
				CODE_SIGN_STYLE = Automatic;
				CURRENT_PROJECT_VERSION = 1;
				GENERATE_INFOPLIST_FILE = YES;
				MACOSX_DEPLOYMENT_TARGET = 15.5;
				MARKETING_VERSION = 1.0;
				PRODUCT_BUNDLE_IDENTIFIER = ebeug.FocusShiftTests;
				PRODUCT_NAME = "$(TARGET_NAME)";
				SWIFT_EMIT_LOC_STRINGS = NO;
				SWIFT_VERSION = 5.0;
				TEST_HOST = "$(BUILT_PRODUCTS_DIR)/FocusShift.app/$(BUNDLE_EXECUTABLE_FOLDER_PATH)/FocusShift";
			};
			name = Debug;
		};
		BE0839F72EB621AC0088CFBB /* Release */ = {
			isa = XCBuildConfiguration;
			buildSettings = {
				BUNDLE_LOADER = "$(TEST_HOST)";
				CODE_SIGN_STYLE = Automatic;
				CURRENT_PROJECT_VERSION = 1;
				GENERATE_INFOPLIST_FILE = YES;
				MACOSX_DEPLOYMENT_TARGET = 15.5;
				MARKETING_VERSION = 1.0;
				PRODUCT_BUNDLE_IDENTIFIER = ebeug.FocusShiftTests;
				PRODUCT_NAME = "$(TARGET_NAME)";
				SWIFT_EMIT_LOC_STRINGS = NO;
				SWIFT_VERSION = 5.0;
				TEST_HOST = "$(BUILT_PRODUCTS_DIR)/FocusShift.app/$(BUNDLE_EXECUTABLE_FOLDER_PATH)/FocusShift";
			};
			name = Release;
		};
		BE0839F92EB621AC0088CFBB /* Debug */ = {
			isa = XCBuildConfiguration;
			buildSettings = {
				CODE_SIGN_STYLE = Automatic;
				CURRENT_PROJECT_VERSION = 1;
				GENERATE_INFOPLIST_FILE = YES;
				MARKETING_VERSION = 1.0;
				PRODUCT_BUNDLE_IDENTIFIER = ebeug.FocusShiftUITests;
				PRODUCT_NAME = "$(TARGET_NAME)";
				SWIFT_EMIT_LOC_STRINGS = NO;
				SWIFT_VERSION = 5.0;
				TEST_TARGET_NAME = FocusShift;
			};
			name = Debug;
		};
		BE0839FA2EB621AC0088CFBB /* Release */ = {
			isa = XCBuildConfiguration;
			buildSettings = {
				CODE_SIGN_STYLE = Automatic;
				CURRENT_PROJECT_VERSION = 1;
				GENERATE_INFOPLIST_FILE = YES;
				MARKETING_VERSION = 1.0;
				PRODUCT_BUNDLE_IDENTIFIER = ebeug.FocusShiftUITests;
				PRODUCT_NAME = "$(TARGET_NAME)";
				SWIFT_EMIT_LOC_STRINGS = NO;
				SWIFT_VERSION = 5.0;
				TEST_TARGET_NAME = FocusShift;
			};
			name = Release;
		};
/* End XCBuildConfiguration section */

/* Begin XCConfigurationList section */
		BE0839CB2EB621AB0088CFBB /* Build configuration list for PBXProject "FocusShift" */ = {
			isa = XCConfigurationList;
			buildConfigurations = (
				BE0839F02EB621AC0088CFBB /* Debug */,
				BE0839F12EB621AC0088CFBB /* Release */,
			);
			defaultConfigurationIsVisible = 0;
			defaultConfigurationName = Release;
		};
		BE0839F22EB621AC0088CFBB /* Build configuration list for PBXNativeTarget "FocusShift" */ = {
			isa = XCConfigurationList;
			buildConfigurations = (
				BE0839F32EB621AC0088CFBB /* Debug */,
				BE0839F42EB621AC0088CFBB /* Release */,
			);
			defaultConfigurationIsVisible = 0;
			defaultConfigurationName = Release;
		};
		BE0839F52EB621AC0088CFBB /* Build configuration list for PBXNativeTarget "FocusShiftTests" */ = {
			isa = XCConfigurationList;
			buildConfigurations = (
				BE0839F62EB621AC0088CFBB /* Debug */,
				BE0839F72EB621AC0088CFBB /* Release */,
			);
			defaultConfigurationIsVisible = 0;
			defaultConfigurationName = Release;
		};
		BE0839F82EB621AC0088CFBB /* Build configuration list for PBXNativeTarget "FocusShiftUITests" */ = {
			isa = XCConfigurationList;
			buildConfigurations = (
				BE0839F92EB621AC0088CFBB /* Debug */,
				BE0839FA2EB621AC0088CFBB /* Release */,
			);
			defaultConfigurationIsVisible = 0;
			defaultConfigurationName = Release;
		};
/* End XCConfigurationList section */
	};
	rootObject = BE0839C82EB621AB0088CFBB /* Project object */;
}
